
Microsoft Visual Studio Solution File, Format Version 12.00
# Visual Studio Version 17
VisualStudioVersion = 17.3.32819.101
MinimumVisualStudioVersion = 10.0.40219.1
Project("{8BC9CEB8-8B4A-11D0-8D11-00A0C91BC942}") = "TamplateMain", "TamplateMain\TamplateMain.vcxproj", "{24BFB2FC-6CDC-49D1-BC21-384DF3835339}"
EndProject
Project("{8BC9CEB8-8B4A-11D0-8D11-00A0C91BC942}") = "TriangleSquareEz", "TriangleSquareEz\TriangleSquareEz.vcxproj", "{D5214CB5-C9AE-4C7B-8867-0F8E3858CD25}"
EndProject
Project("{8BC9CEB8-8B4A-11D0-8D11-00A0C91BC942}") = "Input of data, time", "Input of data, time\Input of data, time.vcxproj", "{E608E4B9-5E65-423D-B679-A4F63244D8D7}"
EndProject
Project("{8BC9CEB8-8B4A-11D0-8D11-00A0C91BC942}") = "gitProject", "gitProject\gitProject.vcxproj", "{38F0EDAB-0C39-425D-B3EF-571207620887}"
EndProject
Global
	GlobalSection(SolutionConfigurationPlatforms) = preSolution
		Debug|x64 = Debug|x64
		Debug|x86 = Debug|x86
		Release|x64 = Release|x64
		Release|x86 = Release|x86
	EndGlobalSection
	GlobalSection(ProjectConfigurationPlatforms) = postSolution
		{24BFB2FC-6CDC-49D1-BC21-384DF3835339}.Debug|x64.ActiveCfg = Debug|x64
		{24BFB2FC-6CDC-49D1-BC21-384DF3835339}.Debug|x64.Build.0 = Debug|x64
		{24BFB2FC-6CDC-49D1-BC21-384DF3835339}.Debug|x86.ActiveCfg = Debug|Win32
		{24BFB2FC-6CDC-49D1-BC21-384DF3835339}.Debug|x86.Build.0 = Debug|Win32
		{24BFB2FC-6CDC-49D1-BC21-384DF3835339}.Release|x64.ActiveCfg = Release|x64
		{24BFB2FC-6CDC-49D1-BC21-384DF3835339}.Release|x64.Build.0 = Release|x64
		{24BFB2FC-6CDC-49D1-BC21-384DF3835339}.Release|x86.ActiveCfg = Release|Win32
		{24BFB2FC-6CDC-49D1-BC21-384DF3835339}.Release|x86.Build.0 = Release|Win32
		{D5214CB5-C9AE-4C7B-8867-0F8E3858CD25}.Debug|x64.ActiveCfg = Debug|x64
		{D5214CB5-C9AE-4C7B-8867-0F8E3858CD25}.Debug|x64.Build.0 = Debug|x64
		{D5214CB5-C9AE-4C7B-8867-0F8E3858CD25}.Debug|x86.ActiveCfg = Debug|Win32
		{D5214CB5-C9AE-4C7B-8867-0F8E3858CD25}.Debug|x86.Build.0 = Debug|Win32
		{D5214CB5-C9AE-4C7B-8867-0F8E3858CD25}.Release|x64.ActiveCfg = Release|x64
		{D5214CB5-C9AE-4C7B-8867-0F8E3858CD25}.Release|x64.Build.0 = Release|x64
		{D5214CB5-C9AE-4C7B-8867-0F8E3858CD25}.Release|x86.ActiveCfg = Release|Win32
		{D5214CB5-C9AE-4C7B-8867-0F8E3858CD25}.Release|x86.Build.0 = Release|Win32
		{E608E4B9-5E65-423D-B679-A4F63244D8D7}.Debug|x64.ActiveCfg = Debug|x64
		{E608E4B9-5E65-423D-B679-A4F63244D8D7}.Debug|x64.Build.0 = Debug|x64
		{E608E4B9-5E65-423D-B679-A4F63244D8D7}.Debug|x86.ActiveCfg = Debug|Win32
		{E608E4B9-5E65-423D-B679-A4F63244D8D7}.Debug|x86.Build.0 = Debug|Win32
		{E608E4B9-5E65-423D-B679-A4F63244D8D7}.Release|x64.ActiveCfg = Release|x64
		{E608E4B9-5E65-423D-B679-A4F63244D8D7}.Release|x64.Build.0 = Release|x64
		{E608E4B9-5E65-423D-B679-A4F63244D8D7}.Release|x86.ActiveCfg = Release|Win32
		{E608E4B9-5E65-423D-B679-A4F63244D8D7}.Release|x86.Build.0 = Release|Win32
		{38F0EDAB-0C39-425D-B3EF-571207620887}.Debug|x64.ActiveCfg = Debug|x64
		{38F0EDAB-0C39-425D-B3EF-571207620887}.Debug|x64.Build.0 = Debug|x64
		{38F0EDAB-0C39-425D-B3EF-571207620887}.Debug|x86.ActiveCfg = Debug|Win32
		{38F0EDAB-0C39-425D-B3EF-571207620887}.Debug|x86.Build.0 = Debug|Win32
		{38F0EDAB-0C39-425D-B3EF-571207620887}.Release|x64.ActiveCfg = Release|x64
		{38F0EDAB-0C39-425D-B3EF-571207620887}.Release|x64.Build.0 = Release|x64
		{38F0EDAB-0C39-425D-B3EF-571207620887}.Release|x86.ActiveCfg = Release|Win32
		{38F0EDAB-0C39-425D-B3EF-571207620887}.Release|x86.Build.0 = Release|Win32
	EndGlobalSection
	GlobalSection(SolutionProperties) = preSolution
		HideSolutionNode = FALSE
	EndGlobalSection
	GlobalSection(ExtensibilityGlobals) = postSolution
		SolutionGuid = {48049BB9-AAD8-4AF1-8E91-A7F61D69C072}
	EndGlobalSection
EndGlobal
